
Microsoft Visual Studio Solution File, Format Version 12.00
# Visual Studio 15
VisualStudioVersion = 15.0.27428.2002
MinimumVisualStudioVersion = 10.0.40219.1
Project("{FAE04EC0-301F-11D3-BF4B-00C04F79EFBC}") = "Film Review Website", "Film Review Website\Film Review Website.csproj", "{0D6B2C5C-51CB-4853-9167-CAAE0F6C5467}"
EndProject
Project("{FAE04EC0-301F-11D3-BF4B-00C04F79EFBC}") = "Film Review Website.Tests", "Film Review Website.Tests\Film Review Website.Tests.csproj", "{5FBAEA8D-6032-426D-B694-2EC21EF47606}"
EndProject
Global
	GlobalSection(SolutionConfigurationPlatforms) = preSolution
		Debug|Any CPU = Debug|Any CPU
		Release|Any CPU = Release|Any CPU
	EndGlobalSection
	GlobalSection(ProjectConfigurationPlatforms) = postSolution
		{0D6B2C5C-51CB-4853-9167-CAAE0F6C5467}.Debug|Any CPU.ActiveCfg = Debug|Any CPU
		{0D6B2C5C-51CB-4853-9167-CAAE0F6C5467}.Debug|Any CPU.Build.0 = Debug|Any CPU
		{0D6B2C5C-51CB-4853-9167-CAAE0F6C5467}.Release|Any CPU.ActiveCfg = Release|Any CPU
		{0D6B2C5C-51CB-4853-9167-CAAE0F6C5467}.Release|Any CPU.Build.0 = Release|Any CPU
		{5FBAEA8D-6032-426D-B694-2EC21EF47606}.Debug|Any CPU.ActiveCfg = Debug|Any CPU
		{5FBAEA8D-6032-426D-B694-2EC21EF47606}.Debug|Any CPU.Build.0 = Debug|Any CPU
		{5FBAEA8D-6032-426D-B694-2EC21EF47606}.Release|Any CPU.ActiveCfg = Release|Any CPU
		{5FBAEA8D-6032-426D-B694-2EC21EF47606}.Release|Any CPU.Build.0 = Release|Any CPU
	EndGlobalSection
	GlobalSection(SolutionProperties) = preSolution
		HideSolutionNode = FALSE
	EndGlobalSection
	GlobalSection(ExtensibilityGlobals) = postSolution
		SolutionGuid = {8C07EA3F-8A4F-4D47-A6F3-F01E3B47E8FE}
	EndGlobalSection
EndGlobal
