
Microsoft Visual Studio Solution File, Format Version 12.00
# Visual Studio 14
VisualStudioVersion = 14.0.25420.1
MinimumVisualStudioVersion = 10.0.40219.1
Project("{FAE04EC0-301F-11D3-BF4B-00C04F79EFBC}") = "MovieReviewWebsite", "MovieReviewWebsite\MovieReviewWebsite.csproj", "{AB9C9A75-4FF1-4E56-BB79-9C81B746C6B8}"
EndProject
Project("{FAE04EC0-301F-11D3-BF4B-00C04F79EFBC}") = "MovieReviewWebsite.Tests", "MovieReviewWebsite.Tests\MovieReviewWebsite.Tests.csproj", "{9E9715FB-AF67-4E04-A5B5-7DF0C0C36B71}"
EndProject
Global
	GlobalSection(SolutionConfigurationPlatforms) = preSolution
		Debug|Any CPU = Debug|Any CPU
		Release|Any CPU = Release|Any CPU
	EndGlobalSection
	GlobalSection(ProjectConfigurationPlatforms) = postSolution
		{AB9C9A75-4FF1-4E56-BB79-9C81B746C6B8}.Debug|Any CPU.ActiveCfg = Debug|Any CPU
		{AB9C9A75-4FF1-4E56-BB79-9C81B746C6B8}.Debug|Any CPU.Build.0 = Debug|Any CPU
		{AB9C9A75-4FF1-4E56-BB79-9C81B746C6B8}.Release|Any CPU.ActiveCfg = Release|Any CPU
		{AB9C9A75-4FF1-4E56-BB79-9C81B746C6B8}.Release|Any CPU.Build.0 = Release|Any CPU
		{9E9715FB-AF67-4E04-A5B5-7DF0C0C36B71}.Debug|Any CPU.ActiveCfg = Debug|Any CPU
		{9E9715FB-AF67-4E04-A5B5-7DF0C0C36B71}.Debug|Any CPU.Build.0 = Debug|Any CPU
		{9E9715FB-AF67-4E04-A5B5-7DF0C0C36B71}.Release|Any CPU.ActiveCfg = Release|Any CPU
		{9E9715FB-AF67-4E04-A5B5-7DF0C0C36B71}.Release|Any CPU.Build.0 = Release|Any CPU
	EndGlobalSection
	GlobalSection(SolutionProperties) = preSolution
		HideSolutionNode = FALSE
	EndGlobalSection
EndGlobal
